
Microsoft Visual Studio Solution File, Format Version 12.00
# Visual Studio 15
VisualStudioVersion = 15.0.26730.12
MinimumVisualStudioVersion = 10.0.40219.1
Project("{FAE04EC0-301F-11D3-BF4B-00C04F79EFBC}") = "Interfaces", "Interfaces\Interfaces.csproj", "{EFBE838E-A459-4E63-84FE-8024350713A7}"
EndProject
Project("{FAE04EC0-301F-11D3-BF4B-00C04F79EFBC}") = "WinformServer", "WinformServer\WinformServer.csproj", "{42E9F202-BA39-477A-9E5D-9C76D6040F03}"
EndProject
Global
	GlobalSection(SolutionConfigurationPlatforms) = preSolution
		Debug|Any CPU = Debug|Any CPU
		Release|Any CPU = Release|Any CPU
	EndGlobalSection
	GlobalSection(ProjectConfigurationPlatforms) = postSolution
		{EFBE838E-A459-4E63-84FE-8024350713A7}.Debug|Any CPU.ActiveCfg = Debug|Any CPU
		{EFBE838E-A459-4E63-84FE-8024350713A7}.Debug|Any CPU.Build.0 = Debug|Any CPU
		{EFBE838E-A459-4E63-84FE-8024350713A7}.Release|Any CPU.ActiveCfg = Release|Any CPU
		{EFBE838E-A459-4E63-84FE-8024350713A7}.Release|Any CPU.Build.0 = Release|Any CPU
		{42E9F202-BA39-477A-9E5D-9C76D6040F03}.Debug|Any CPU.ActiveCfg = Debug|Any CPU
		{42E9F202-BA39-477A-9E5D-9C76D6040F03}.Debug|Any CPU.Build.0 = Debug|Any CPU
		{42E9F202-BA39-477A-9E5D-9C76D6040F03}.Release|Any CPU.ActiveCfg = Release|Any CPU
		{42E9F202-BA39-477A-9E5D-9C76D6040F03}.Release|Any CPU.Build.0 = Release|Any CPU
	EndGlobalSection
	GlobalSection(SolutionProperties) = preSolution
		HideSolutionNode = FALSE
	EndGlobalSection
	GlobalSection(ExtensibilityGlobals) = postSolution
		SolutionGuid = {49AF69C8-D8A0-4390-AFD6-91956EEF2135}
	EndGlobalSection
EndGlobal
